
Microsoft Visual Studio Solution File, Format Version 12.00
# Visual Studio Version 17
VisualStudioVersion = 17.14.36518.9 d17.14
MinimumVisualStudioVersion = 10.0.40219.1
Project("{FAE04EC0-301F-11D3-BF4B-00C04F79EFBC}") = "BookUnitTest", "BookUnitTest\BookUnitTest.csproj", "{2C95912B-D81F-4DFB-ACC4-49C18634E78E}"
EndProject
Global
	GlobalSection(SolutionConfigurationPlatforms) = preSolution
		Debug|Any CPU = Debug|Any CPU
		Release|Any CPU = Release|Any CPU
	EndGlobalSection
	GlobalSection(ProjectConfigurationPlatforms) = postSolution
		{2C95912B-D81F-4DFB-ACC4-49C18634E78E}.Debug|Any CPU.ActiveCfg = Debug|Any CPU
		{2C95912B-D81F-4DFB-ACC4-49C18634E78E}.Debug|Any CPU.Build.0 = Debug|Any CPU
		{2C95912B-D81F-4DFB-ACC4-49C18634E78E}.Release|Any CPU.ActiveCfg = Release|Any CPU
		{2C95912B-D81F-4DFB-ACC4-49C18634E78E}.Release|Any CPU.Build.0 = Release|Any CPU
	EndGlobalSection
	GlobalSection(SolutionProperties) = preSolution
		HideSolutionNode = FALSE
	EndGlobalSection
	GlobalSection(ExtensibilityGlobals) = postSolution
		SolutionGuid = {3225E340-05E1-439A-9501-96266FB0C16A}
	EndGlobalSection
EndGlobal
