
Microsoft Visual Studio Solution File, Format Version 12.00
# Visual Studio Version 17
VisualStudioVersion = 17.14.36518.9 d17.14
MinimumVisualStudioVersion = 10.0.40219.1
Project("{FAE04EC0-301F-11D3-BF4B-00C04F79EFBC}") = "CykleTest", "CykleTest\CykleTest.csproj", "{64910393-BA77-4478-8A4C-B14B6CB9D20D}"
EndProject
Project("{FAE04EC0-301F-11D3-BF4B-00C04F79EFBC}") = "TestCykle", "TestCykle\TestCykle.csproj", "{CFBD7763-66B7-40D1-858B-AC2AC4B0D73D}"
EndProject
Global
	GlobalSection(SolutionConfigurationPlatforms) = preSolution
		Debug|Any CPU = Debug|Any CPU
		Release|Any CPU = Release|Any CPU
	EndGlobalSection
	GlobalSection(ProjectConfigurationPlatforms) = postSolution
		{64910393-BA77-4478-8A4C-B14B6CB9D20D}.Debug|Any CPU.ActiveCfg = Debug|Any CPU
		{64910393-BA77-4478-8A4C-B14B6CB9D20D}.Debug|Any CPU.Build.0 = Debug|Any CPU
		{64910393-BA77-4478-8A4C-B14B6CB9D20D}.Release|Any CPU.ActiveCfg = Release|Any CPU
		{64910393-BA77-4478-8A4C-B14B6CB9D20D}.Release|Any CPU.Build.0 = Release|Any CPU
		{CFBD7763-66B7-40D1-858B-AC2AC4B0D73D}.Debug|Any CPU.ActiveCfg = Debug|Any CPU
		{CFBD7763-66B7-40D1-858B-AC2AC4B0D73D}.Debug|Any CPU.Build.0 = Debug|Any CPU
		{CFBD7763-66B7-40D1-858B-AC2AC4B0D73D}.Release|Any CPU.ActiveCfg = Release|Any CPU
		{CFBD7763-66B7-40D1-858B-AC2AC4B0D73D}.Release|Any CPU.Build.0 = Release|Any CPU
	EndGlobalSection
	GlobalSection(SolutionProperties) = preSolution
		HideSolutionNode = FALSE
	EndGlobalSection
	GlobalSection(ExtensibilityGlobals) = postSolution
		SolutionGuid = {E8F61E04-40A8-42B6-870D-C8C0614BFC3C}
	EndGlobalSection
EndGlobal
