
Microsoft Visual Studio Solution File, Format Version 12.00
# Visual Studio Version 17
VisualStudioVersion = 17.14.36518.9 d17.14
MinimumVisualStudioVersion = 10.0.40219.1
Project("{E24C65DC-7377-472B-9ABA-BC803B73C61A}") = "NordicCleaning", "..\..\..\OneDrive\Documents\Datamatiker\Systemudvikling\Sem_1\HTML PLUK\NordicCleaning\", "{50B94A78-90B6-782C-60DB-62971D63F17B}"
	ProjectSection(WebsiteProperties) = preProject
		TargetFrameworkMoniker = ".NETFramework,Version%3Dv4.8"
		Debug.AspNetCompiler.VirtualPath = "/localhost_61188"
		Debug.AspNetCompiler.PhysicalPath = "..\..\..\OneDrive\Documents\Datamatiker\Systemudvikling\Sem_1\HTML PLUK\NordicCleaning\"
		Debug.AspNetCompiler.TargetPath = "PrecompiledWeb\localhost_61188\"
		Debug.AspNetCompiler.Updateable = "true"
		Debug.AspNetCompiler.ForceOverwrite = "true"
		Debug.AspNetCompiler.FixedNames = "false"
		Debug.AspNetCompiler.Debug = "True"
		Release.AspNetCompiler.VirtualPath = "/localhost_61188"
		Release.AspNetCompiler.PhysicalPath = "..\..\..\OneDrive\Documents\Datamatiker\Systemudvikling\Sem_1\HTML PLUK\NordicCleaning\"
		Release.AspNetCompiler.TargetPath = "PrecompiledWeb\localhost_61188\"
		Release.AspNetCompiler.Updateable = "true"
		Release.AspNetCompiler.ForceOverwrite = "true"
		Release.AspNetCompiler.FixedNames = "false"
		Release.AspNetCompiler.Debug = "False"
		VWDPort = "61188"
	EndProjectSection
EndProject
Global
	GlobalSection(SolutionConfigurationPlatforms) = preSolution
		Debug|Any CPU = Debug|Any CPU
	EndGlobalSection
	GlobalSection(ProjectConfigurationPlatforms) = postSolution
		{50B94A78-90B6-782C-60DB-62971D63F17B}.Debug|Any CPU.ActiveCfg = Debug|Any CPU
		{50B94A78-90B6-782C-60DB-62971D63F17B}.Debug|Any CPU.Build.0 = Debug|Any CPU
	EndGlobalSection
	GlobalSection(SolutionProperties) = preSolution
		HideSolutionNode = FALSE
	EndGlobalSection
	GlobalSection(ExtensibilityGlobals) = postSolution
		SolutionGuid = {25ABE270-8FAC-4ECA-9659-14D2F98AF992}
	EndGlobalSection
EndGlobal
