
Microsoft Visual Studio Solution File, Format Version 12.00
# Visual Studio Version 17
VisualStudioVersion = 17.14.36518.9 d17.14
MinimumVisualStudioVersion = 10.0.40219.1
Project("{FAE04EC0-301F-11D3-BF4B-00C04F79EFBC}") = "BMI 2", "BMI 2\BMI 2.csproj", "{7D3DC674-5C1D-4252-BC4B-EEEDE945E3C2}"
EndProject
Global
	GlobalSection(SolutionConfigurationPlatforms) = preSolution
		Debug|Any CPU = Debug|Any CPU
		Release|Any CPU = Release|Any CPU
	EndGlobalSection
	GlobalSection(ProjectConfigurationPlatforms) = postSolution
		{7D3DC674-5C1D-4252-BC4B-EEEDE945E3C2}.Debug|Any CPU.ActiveCfg = Debug|Any CPU
		{7D3DC674-5C1D-4252-BC4B-EEEDE945E3C2}.Debug|Any CPU.Build.0 = Debug|Any CPU
		{7D3DC674-5C1D-4252-BC4B-EEEDE945E3C2}.Release|Any CPU.ActiveCfg = Release|Any CPU
		{7D3DC674-5C1D-4252-BC4B-EEEDE945E3C2}.Release|Any CPU.Build.0 = Release|Any CPU
	EndGlobalSection
	GlobalSection(SolutionProperties) = preSolution
		HideSolutionNode = FALSE
	EndGlobalSection
	GlobalSection(ExtensibilityGlobals) = postSolution
		SolutionGuid = {AF28AED1-FAFE-451F-8757-8C5596BF7776}
	EndGlobalSection
EndGlobal
