
Microsoft Visual Studio Solution File, Format Version 12.00
# Visual Studio Version 17
VisualStudioVersion = 17.14.36518.9 d17.14
MinimumVisualStudioVersion = 10.0.40219.1
Project("{E24C65DC-7377-472B-9ABA-BC803B73C61A}") = "Hillerød sejlklub 1234", "..\..\..\OneDrive\Documents\Systemudvikling\Sem_1\HTML PLUK\Hillerød sejlklub 1234\", "{1EF1926E-C374-3CA9-6872-5314B687A779}"
	ProjectSection(WebsiteProperties) = preProject
		TargetFrameworkMoniker = ".NETFramework,Version%3Dv4.8"
		Debug.AspNetCompiler.VirtualPath = "/localhost_65177"
		Debug.AspNetCompiler.PhysicalPath = "..\..\..\OneDrive\Documents\Systemudvikling\Sem_1\HTML PLUK\Hillerød sejlklub 1234\"
		Debug.AspNetCompiler.TargetPath = "PrecompiledWeb\localhost_65177\"
		Debug.AspNetCompiler.Updateable = "true"
		Debug.AspNetCompiler.ForceOverwrite = "true"
		Debug.AspNetCompiler.FixedNames = "false"
		Debug.AspNetCompiler.Debug = "True"
		Release.AspNetCompiler.VirtualPath = "/localhost_65177"
		Release.AspNetCompiler.PhysicalPath = "..\..\..\OneDrive\Documents\Systemudvikling\Sem_1\HTML PLUK\Hillerød sejlklub 1234\"
		Release.AspNetCompiler.TargetPath = "PrecompiledWeb\localhost_65177\"
		Release.AspNetCompiler.Updateable = "true"
		Release.AspNetCompiler.ForceOverwrite = "true"
		Release.AspNetCompiler.FixedNames = "false"
		Release.AspNetCompiler.Debug = "False"
		VWDPort = "65177"
	EndProjectSection
EndProject
Global
	GlobalSection(SolutionConfigurationPlatforms) = preSolution
		Debug|Any CPU = Debug|Any CPU
	EndGlobalSection
	GlobalSection(ProjectConfigurationPlatforms) = postSolution
		{1EF1926E-C374-3CA9-6872-5314B687A779}.Debug|Any CPU.ActiveCfg = Debug|Any CPU
		{1EF1926E-C374-3CA9-6872-5314B687A779}.Debug|Any CPU.Build.0 = Debug|Any CPU
	EndGlobalSection
	GlobalSection(SolutionProperties) = preSolution
		HideSolutionNode = FALSE
	EndGlobalSection
	GlobalSection(ExtensibilityGlobals) = postSolution
		SolutionGuid = {F1226286-7531-4371-9E89-F744AEB4E396}
	EndGlobalSection
EndGlobal
