
Microsoft Visual Studio Solution File, Format Version 12.00
# Visual Studio Version 17
VisualStudioVersion = 17.14.36518.9 d17.14
MinimumVisualStudioVersion = 10.0.40219.1
Project("{E24C65DC-7377-472B-9ABA-BC803B73C61A}") = "WebSite", "http://localhost:51879", "{64C5CEAD-78F3-8259-78A7-0A41AD0918C1}"
	ProjectSection(WebsiteProperties) = preProject
		UseIISExpress = "true"
		TargetFrameworkMoniker = ".NETFramework,Version%3Dv4.8"
		Debug.AspNetCompiler.VirtualPath = "/localhost_51879"
		Debug.AspNetCompiler.PhysicalPath = "..\..\..\Documents\My Web Sites\WebSite\"
		Debug.AspNetCompiler.TargetPath = "PrecompiledWeb\localhost_51879\"
		Debug.AspNetCompiler.Updateable = "true"
		Debug.AspNetCompiler.ForceOverwrite = "true"
		Debug.AspNetCompiler.FixedNames = "false"
		Debug.AspNetCompiler.Debug = "True"
		Release.AspNetCompiler.VirtualPath = "/localhost_51879"
		Release.AspNetCompiler.PhysicalPath = "..\..\..\Documents\My Web Sites\WebSite\"
		Release.AspNetCompiler.TargetPath = "PrecompiledWeb\localhost_51879\"
		Release.AspNetCompiler.Updateable = "true"
		Release.AspNetCompiler.ForceOverwrite = "true"
		Release.AspNetCompiler.FixedNames = "false"
		Release.AspNetCompiler.Debug = "False"
		SlnRelativePath = "..\..\..\Documents\My Web Sites\WebSite\"
	EndProjectSection
EndProject
Global
	GlobalSection(SolutionConfigurationPlatforms) = preSolution
		Debug|Any CPU = Debug|Any CPU
	EndGlobalSection
	GlobalSection(ProjectConfigurationPlatforms) = postSolution
		{64C5CEAD-78F3-8259-78A7-0A41AD0918C1}.Debug|Any CPU.ActiveCfg = Debug|Any CPU
		{64C5CEAD-78F3-8259-78A7-0A41AD0918C1}.Debug|Any CPU.Build.0 = Debug|Any CPU
	EndGlobalSection
	GlobalSection(SolutionProperties) = preSolution
		HideSolutionNode = FALSE
	EndGlobalSection
	GlobalSection(ExtensibilityGlobals) = postSolution
		SolutionGuid = {11B8CD5D-5FFE-45F1-A0E1-9D7165CDF26D}
	EndGlobalSection
EndGlobal
